// !$*UTF8*$!
{
	archiveVersion = 1;
	classes = {
	};
	objectVersion = 46;
	objects = {

/* Begin PBXBuildFile section */
		6BEFDC371BBE426700DDFE3B /* AppDelegate.swift in Sources */ = {isa = PBXBuildFile; fileRef = 6BEFDC361BBE426700DDFE3B /* AppDelegate.swift */; };
		6BEFDC391BBE426700DDFE3B /* ViewController.swift in Sources */ = {isa = PBXBuildFile; fileRef = 6BEFDC381BBE426700DDFE3B /* ViewController.swift */; };
		6BEFDC3C1BBE426700DDFE3B /* Main.storyboard in Resources */ = {isa = PBXBuildFile; fileRef = 6BEFDC3A1BBE426700DDFE3B /* Main.storyboard */; };
		6BEFDC3E1BBE426700DDFE3B /* Assets.xcassets in Resources */ = {isa = PBXBuildFile; fileRef = 6BEFDC3D1BBE426700DDFE3B /* Assets.xcassets */; };
		6BEFDC411BBE426700DDFE3B /* LaunchScreen.storyboard in Resources */ = {isa = PBXBuildFile; fileRef = 6BEFDC3F1BBE426700DDFE3B /* LaunchScreen.storyboard */; };
		6BEFDC4C1BBE426700DDFE3B /* PostalesTests.swift in Sources */ = {isa = PBXBuildFile; fileRef = 6BEFDC4B1BBE426700DDFE3B /* PostalesTests.swift */; };
		6BEFDC571BBE426700DDFE3B /* PostalesUITests.swift in Sources */ = {isa = PBXBuildFile; fileRef = 6BEFDC561BBE426700DDFE3B /* PostalesUITests.swift */; };
		6BEFDC651BBE42EF00DDFE3B /* cuetzalanmagico02.jpg in Resources */ = {isa = PBXBuildFile; fileRef = 6BEFDC641BBE42EF00DDFE3B /* cuetzalanmagico02.jpg */; settings = {ASSET_TAGS = (); }; };
		6BEFDC671BBE4BED00DDFE3B /* MeganBoone.jpg in Resources */ = {isa = PBXBuildFile; fileRef = 6BEFDC661BBE4BED00DDFE3B /* MeganBoone.jpg */; settings = {ASSET_TAGS = (); }; };
/* End PBXBuildFile section */

/* Begin PBXContainerItemProxy section */
		6BEFDC481BBE426700DDFE3B /* PBXContainerItemProxy */ = {
			isa = PBXContainerItemProxy;
			containerPortal = 6BEFDC2B1BBE426700DDFE3B /* Project object */;
			proxyType = 1;
			remoteGlobalIDString = 6BEFDC321BBE426700DDFE3B;
			remoteInfo = Postales;
		};
		6BEFDC531BBE426700DDFE3B /* PBXContainerItemProxy */ = {
			isa = PBXContainerItemProxy;
			containerPortal = 6BEFDC2B1BBE426700DDFE3B /* Project object */;
			proxyType = 1;
			remoteGlobalIDString = 6BEFDC321BBE426700DDFE3B;
			remoteInfo = Postales;
		};
/* End PBXContainerItemProxy section */

/* Begin PBXFileReference section */
		6BEFDC331BBE426700DDFE3B /* Postales.app */ = {isa = PBXFileReference; explicitFileType = wrapper.application; includeInIndex = 0; path = Postales.app; sourceTree = BUILT_PRODUCTS_DIR; };
		6BEFDC361BBE426700DDFE3B /* AppDelegate.swift */ = {isa = PBXFileReference; lastKnownFileType = sourcecode.swift; path = AppDelegate.swift; sourceTree = "<group>"; };
		6BEFDC381BBE426700DDFE3B /* ViewController.swift */ = {isa = PBXFileReference; lastKnownFileType = sourcecode.swift; path = ViewController.swift; sourceTree = "<group>"; };
		6BEFDC3B1BBE426700DDFE3B /* Base */ = {isa = PBXFileReference; lastKnownFileType = file.storyboard; name = Base; path = Base.lproj/Main.storyboard; sourceTree = "<group>"; };
		6BEFDC3D1BBE426700DDFE3B /* Assets.xcassets */ = {isa = PBXFileReference; lastKnownFileType = folder.assetcatalog; path = Assets.xcassets; sourceTree = "<group>"; };
		6BEFDC401BBE426700DDFE3B /* Base */ = {isa = PBXFileReference; lastKnownFileType = file.storyboard; name = Base; path = Base.lproj/LaunchScreen.storyboard; sourceTree = "<group>"; };
		6BEFDC421BBE426700DDFE3B /* Info.plist */ = {isa = PBXFileReference; lastKnownFileType = text.plist.xml; path = Info.plist; sourceTree = "<group>"; };
		6BEFDC471BBE426700DDFE3B /* PostalesTests.xctest */ = {isa = PBXFileReference; explicitFileType = wrapper.cfbundle; includeInIndex = 0; path = PostalesTests.xctest; sourceTree = BUILT_PRODUCTS_DIR; };
		6BEFDC4B1BBE426700DDFE3B /* PostalesTests.swift */ = {isa = PBXFileReference; lastKnownFileType = sourcecode.swift; path = PostalesTests.swift; sourceTree = "<group>"; };
		6BEFDC4D1BBE426700DDFE3B /* Info.plist */ = {isa = PBXFileReference; lastKnownFileType = text.plist.xml; path = Info.plist; sourceTree = "<group>"; };
		6BEFDC521BBE426700DDFE3B /* PostalesUITests.xctest */ = {isa = PBXFileReference; explicitFileType = wrapper.cfbundle; includeInIndex = 0; path = PostalesUITests.xctest; sourceTree = BUILT_PRODUCTS_DIR; };
		6BEFDC561BBE426700DDFE3B /* PostalesUITests.swift */ = {isa = PBXFileReference; lastKnownFileType = sourcecode.swift; path = PostalesUITests.swift; sourceTree = "<group>"; };
		6BEFDC581BBE426700DDFE3B /* Info.plist */ = {isa = PBXFileReference; lastKnownFileType = text.plist.xml; path = Info.plist; sourceTree = "<group>"; };
		6BEFDC641BBE42EF00DDFE3B /* cuetzalanmagico02.jpg */ = {isa = PBXFileReference; lastKnownFileType = image.jpeg; path = cuetzalanmagico02.jpg; sourceTree = "<group>"; };
		6BEFDC661BBE4BED00DDFE3B /* MeganBoone.jpg */ = {isa = PBXFileReference; lastKnownFileType = image.jpeg; path = MeganBoone.jpg; sourceTree = "<group>"; };
/* End PBXFileReference section */

/* Begin PBXFrameworksBuildPhase section */
		6BEFDC301BBE426700DDFE3B /* Frameworks */ = {
			isa = PBXFrameworksBuildPhase;
			buildActionMask = 2147483647;
			files = (
			);
			runOnlyForDeploymentPostprocessing = 0;
		};
		6BEFDC441BBE426700DDFE3B /* Frameworks */ = {
			isa = PBXFrameworksBuildPhase;
			buildActionMask = 2147483647;
			files = (
			);
			runOnlyForDeploymentPostprocessing = 0;
		};
		6BEFDC4F1BBE426700DDFE3B /* Frameworks */ = {
			isa = PBXFrameworksBuildPhase;
			buildActionMask = 2147483647;
			files = (
			);
			runOnlyForDeploymentPostprocessing = 0;
		};
/* End PBXFrameworksBuildPhase section */

/* Begin PBXGroup section */
		6BEFDC2A1BBE426700DDFE3B = {
			isa = PBXGroup;
			children = (
				6BEFDC351BBE426700DDFE3B /* Postales */,
				6BEFDC4A1BBE426700DDFE3B /* PostalesTests */,
				6BEFDC551BBE426700DDFE3B /* PostalesUITests */,
				6BEFDC341BBE426700DDFE3B /* Products */,
			);
			sourceTree = "<group>";
		};
		6BEFDC341BBE426700DDFE3B /* Products */ = {
			isa = PBXGroup;
			children = (
				6BEFDC331BBE426700DDFE3B /* Postales.app */,
				6BEFDC471BBE426700DDFE3B /* PostalesTests.xctest */,
				6BEFDC521BBE426700DDFE3B /* PostalesUITests.xctest */,
			);
			name = Products;
			sourceTree = "<group>";
		};
		6BEFDC351BBE426700DDFE3B /* Postales */ = {
			isa = PBXGroup;
			children = (
				6BEFDC361BBE426700DDFE3B /* AppDelegate.swift */,
				6BEFDC381BBE426700DDFE3B /* ViewController.swift */,
				6BEFDC3A1BBE426700DDFE3B /* Main.storyboard */,
				6BEFDC641BBE42EF00DDFE3B /* cuetzalanmagico02.jpg */,
				6BEFDC661BBE4BED00DDFE3B /* MeganBoone.jpg */,
				6BEFDC3D1BBE426700DDFE3B /* Assets.xcassets */,
				6BEFDC3F1BBE426700DDFE3B /* LaunchScreen.storyboard */,
				6BEFDC421BBE426700DDFE3B /* Info.plist */,
			);
			path = Postales;
			sourceTree = "<group>";
		};
		6BEFDC4A1BBE426700DDFE3B /* PostalesTests */ = {
			isa = PBXGroup;
			children = (
				6BEFDC4B1BBE426700DDFE3B /* PostalesTests.swift */,
				6BEFDC4D1BBE426700DDFE3B /* Info.plist */,
			);
			path = PostalesTests;
			sourceTree = "<group>";
		};
		6BEFDC551BBE426700DDFE3B /* PostalesUITests */ = {
			isa = PBXGroup;
			children = (
				6BEFDC561BBE426700DDFE3B /* PostalesUITests.swift */,
				6BEFDC581BBE426700DDFE3B /* Info.plist */,
			);
			path = PostalesUITests;
			sourceTree = "<group>";
		};
/* End PBXGroup section */

/* Begin PBXNativeTarget section */
		6BEFDC321BBE426700DDFE3B /* Postales */ = {
			isa = PBXNativeTarget;
			buildConfigurationList = 6BEFDC5B1BBE426700DDFE3B /* Build configuration list for PBXNativeTarget "Postales" */;
			buildPhases = (
				6BEFDC2F1BBE426700DDFE3B /* Sources */,
				6BEFDC301BBE426700DDFE3B /* Frameworks */,
				6BEFDC311BBE426700DDFE3B /* Resources */,
			);
			buildRules = (
			);
			dependencies = (
			);
			name = Postales;
			productName = Postales;
			productReference = 6BEFDC331BBE426700DDFE3B /* Postales.app */;
			productType = "com.apple.product-type.application";
		};
		6BEFDC461BBE426700DDFE3B /* PostalesTests */ = {
			isa = PBXNativeTarget;
			buildConfigurationList = 6BEFDC5E1BBE426700DDFE3B /* Build configuration list for PBXNativeTarget "PostalesTests" */;
			buildPhases = (
				6BEFDC431BBE426700DDFE3B /* Sources */,
				6BEFDC441BBE426700DDFE3B /* Frameworks */,
				6BEFDC451BBE426700DDFE3B /* Resources */,
			);
			buildRules = (
			);
			dependencies = (
				6BEFDC491BBE426700DDFE3B /* PBXTargetDependency */,
			);
			name = PostalesTests;
			productName = PostalesTests;
			productReference = 6BEFDC471BBE426700DDFE3B /* PostalesTests.xctest */;
			productType = "com.apple.product-type.bundle.unit-test";
		};
		6BEFDC511BBE426700DDFE3B /* PostalesUITests */ = {
			isa = PBXNativeTarget;
			buildConfigurationList = 6BEFDC611BBE426700DDFE3B /* Build configuration list for PBXNativeTarget "PostalesUITests" */;
			buildPhases = (
				6BEFDC4E1BBE426700DDFE3B /* Sources */,
				6BEFDC4F1BBE426700DDFE3B /* Frameworks */,
				6BEFDC501BBE426700DDFE3B /* Resources */,
			);
			buildRules = (
			);
			dependencies = (
				6BEFDC541BBE426700DDFE3B /* PBXTargetDependency */,
			);
			name = PostalesUITests;
			productName = PostalesUITests;
			productReference = 6BEFDC521BBE426700DDFE3B /* PostalesUITests.xctest */;
			productType = "com.apple.product-type.bundle.ui-testing";
		};
/* End PBXNativeTarget section */

/* Begin PBXProject section */
		6BEFDC2B1BBE426700DDFE3B /* Project object */ = {
			isa = PBXProject;
			attributes = {
				LastUpgradeCheck = 0700;
				ORGANIZATIONNAME = "Edgard Maciel";
				TargetAttributes = {
					6BEFDC321BBE426700DDFE3B = {
						CreatedOnToolsVersion = 7.0.1;
					};
					6BEFDC461BBE426700DDFE3B = {
						CreatedOnToolsVersion = 7.0.1;
						TestTargetID = 6BEFDC321BBE426700DDFE3B;
					};
					6BEFDC511BBE426700DDFE3B = {
						CreatedOnToolsVersion = 7.0.1;
						TestTargetID = 6BEFDC321BBE426700DDFE3B;
					};
				};
			};
			buildConfigurationList = 6BEFDC2E1BBE426700DDFE3B /* Build configuration list for PBXProject "Postales" */;
			compatibilityVersion = "Xcode 3.2";
			developmentRegion = English;
			hasScannedForEncodings = 0;
			knownRegions = (
				en,
				Base,
			);
			mainGroup = 6BEFDC2A1BBE426700DDFE3B;
			productRefGroup = 6BEFDC341BBE426700DDFE3B /* Products */;
			projectDirPath = "";
			projectRoot = "";
			targets = (
				6BEFDC321BBE426700DDFE3B /* Postales */,
				6BEFDC461BBE426700DDFE3B /* PostalesTests */,
				6BEFDC511BBE426700DDFE3B /* PostalesUITests */,
			);
		};
/* End PBXProject section */

/* Begin PBXResourcesBuildPhase section */
		6BEFDC311BBE426700DDFE3B /* Resources */ = {
			isa = PBXResourcesBuildPhase;
			buildActionMask = 2147483647;
			files = (
				6BEFDC411BBE426700DDFE3B /* LaunchScreen.storyboard in Resources */,
				6BEFDC651BBE42EF00DDFE3B /* cuetzalanmagico02.jpg in Resources */,
				6BEFDC671BBE4BED00DDFE3B /* MeganBoone.jpg in Resources */,
				6BEFDC3E1BBE426700DDFE3B /* Assets.xcassets in Resources */,
				6BEFDC3C1BBE426700DDFE3B /* Main.storyboard in Resources */,
			);
			runOnlyForDeploymentPostprocessing = 0;
		};
		6BEFDC451BBE426700DDFE3B /* Resources */ = {
			isa = PBXResourcesBuildPhase;
			buildActionMask = 2147483647;
			files = (
			);
			runOnlyForDeploymentPostprocessing = 0;
		};
		6BEFDC501BBE426700DDFE3B /* Resources */ = {
			isa = PBXResourcesBuildPhase;
			buildActionMask = 2147483647;
			files = (
			);
			runOnlyForDeploymentPostprocessing = 0;
		};
/* End PBXResourcesBuildPhase section */

/* Begin PBXSourcesBuildPhase section */
		6BEFDC2F1BBE426700DDFE3B /* Sources */ = {
			isa = PBXSourcesBuildPhase;
			buildActionMask = 2147483647;
			files = (
				6BEFDC391BBE426700DDFE3B /* ViewController.swift in Sources */,
				6BEFDC371BBE426700DDFE3B /* AppDelegate.swift in Sources */,
			);
			runOnlyForDeploymentPostprocessing = 0;
		};
		6BEFDC431BBE426700DDFE3B /* Sources */ = {
			isa = PBXSourcesBuildPhase;
			buildActionMask = 2147483647;
			files = (
				6BEFDC4C1BBE426700DDFE3B /* PostalesTests.swift in Sources */,
			);
			runOnlyForDeploymentPostprocessing = 0;
		};
		6BEFDC4E1BBE426700DDFE3B /* Sources */ = {
			isa = PBXSourcesBuildPhase;
			buildActionMask = 2147483647;
			files = (
				6BEFDC571BBE426700DDFE3B /* PostalesUITests.swift in Sources */,
			);
			runOnlyForDeploymentPostprocessing = 0;
		};
/* End PBXSourcesBuildPhase section */

/* Begin PBXTargetDependency section */
		6BEFDC491BBE426700DDFE3B /* PBXTargetDependency */ = {
			isa = PBXTargetDependency;
			target = 6BEFDC321BBE426700DDFE3B /* Postales */;
			targetProxy = 6BEFDC481BBE426700DDFE3B /* PBXContainerItemProxy */;
		};
		6BEFDC541BBE426700DDFE3B /* PBXTargetDependency */ = {
			isa = PBXTargetDependency;
			target = 6BEFDC321BBE426700DDFE3B /* Postales */;
			targetProxy = 6BEFDC531BBE426700DDFE3B /* PBXContainerItemProxy */;
		};
/* End PBXTargetDependency section */

/* Begin PBXVariantGroup section */
		6BEFDC3A1BBE426700DDFE3B /* Main.storyboard */ = {
			isa = PBXVariantGroup;
			children = (
				6BEFDC3B1BBE426700DDFE3B /* Base */,
			);
			name = Main.storyboard;
			sourceTree = "<group>";
		};
		6BEFDC3F1BBE426700DDFE3B /* LaunchScreen.storyboard */ = {
			isa = PBXVariantGroup;
			children = (
				6BEFDC401BBE426700DDFE3B /* Base */,
			);
			name = LaunchScreen.storyboard;
			sourceTree = "<group>";
		};
/* End PBXVariantGroup section */

/* Begin XCBuildConfiguration section */
		6BEFDC591BBE426700DDFE3B /* Debug */ = {
			isa = XCBuildConfiguration;
			buildSettings = {
				ALWAYS_SEARCH_USER_PATHS = NO;
				CLANG_CXX_LANGUAGE_STANDARD = "gnu++0x";
				CLANG_CXX_LIBRARY = "libc++";
				CLANG_ENABLE_MODULES = YES;
				CLANG_ENABLE_OBJC_ARC = YES;
				CLANG_WARN_BOOL_CONVERSION = YES;
				CLANG_WARN_CONSTANT_CONVERSION = YES;
				CLANG_WARN_DIRECT_OBJC_ISA_USAGE = YES_ERROR;
				CLANG_WARN_EMPTY_BODY = YES;
				CLANG_WARN_ENUM_CONVERSION = YES;
				CLANG_WARN_INT_CONVERSION = YES;
				CLANG_WARN_OBJC_ROOT_CLASS = YES_ERROR;
				CLANG_WARN_UNREACHABLE_CODE = YES;
				CLANG_WARN__DUPLICATE_METHOD_MATCH = YES;
				"CODE_SIGN_IDENTITY[sdk=iphoneos*]" = "iPhone Developer";
				COPY_PHASE_STRIP = NO;
				DEBUG_INFORMATION_FORMAT = dwarf;
				ENABLE_STRICT_OBJC_MSGSEND = YES;
				ENABLE_TESTABILITY = YES;
				GCC_C_LANGUAGE_STANDARD = gnu99;
				GCC_DYNAMIC_NO_PIC = NO;
				GCC_NO_COMMON_BLOCKS = YES;
				GCC_OPTIMIZATION_LEVEL = 0;
				GCC_PREPROCESSOR_DEFINITIONS = (
					"DEBUG=1",
					"$(inherited)",
				);
				GCC_WARN_64_TO_32_BIT_CONVERSION = YES;
				GCC_WARN_ABOUT_RETURN_TYPE = YES_ERROR;
				GCC_WARN_UNDECLARED_SELECTOR = YES;
				GCC_WARN_UNINITIALIZED_AUTOS = YES_AGGRESSIVE;
				GCC_WARN_UNUSED_FUNCTION = YES;
				GCC_WARN_UNUSED_VARIABLE = YES;
				IPHONEOS_DEPLOYMENT_TARGET = 9.0;
				MTL_ENABLE_DEBUG_INFO = YES;
				ONLY_ACTIVE_ARCH = YES;
				SDKROOT = iphoneos;
				SWIFT_OPTIMIZATION_LEVEL = "-Onone";
				TARGETED_DEVICE_FAMILY = "1,2";
			};
			name = Debug;
		};
		6BEFDC5A1BBE426700DDFE3B /* Release */ = {
			isa = XCBuildConfiguration;
			buildSettings = {
				ALWAYS_SEARCH_USER_PATHS = NO;
				CLANG_CXX_LANGUAGE_STANDARD = "gnu++0x";
				CLANG_CXX_LIBRARY = "libc++";
				CLANG_ENABLE_MODULES = YES;
				CLANG_ENABLE_OBJC_ARC = YES;
				CLANG_WARN_BOOL_CONVERSION = YES;
				CLANG_WARN_CONSTANT_CONVERSION = YES;
				CLANG_WARN_DIRECT_OBJC_ISA_USAGE = YES_ERROR;
				CLANG_WARN_EMPTY_BODY = YES;
				CLANG_WARN_ENUM_CONVERSION = YES;
				CLANG_WARN_INT_CONVERSION = YES;
				CLANG_WARN_OBJC_ROOT_CLASS = YES_ERROR;
				CLANG_WARN_UNREACHABLE_CODE = YES;
				CLANG_WARN__DUPLICATE_METHOD_MATCH = YES;
				"CODE_SIGN_IDENTITY[sdk=iphoneos*]" = "iPhone Developer";
				COPY_PHASE_STRIP = NO;
				DEBUG_INFORMATION_FORMAT = "dwarf-with-dsym";
				ENABLE_NS_ASSERTIONS = NO;
				ENABLE_STRICT_OBJC_MSGSEND = YES;
				GCC_C_LANGUAGE_STANDARD = gnu99;
				GCC_NO_COMMON_BLOCKS = YES;
				GCC_WARN_64_TO_32_BIT_CONVERSION = YES;
				GCC_WARN_ABOUT_RETURN_TYPE = YES_ERROR;
				GCC_WARN_UNDECLARED_SELECTOR = YES;
				GCC_WARN_UNINITIALIZED_AUTOS = YES_AGGRESSIVE;
				GCC_WARN_UNUSED_FUNCTION = YES;
				GCC_WARN_UNUSED_VARIABLE = YES;
				IPHONEOS_DEPLOYMENT_TARGET = 9.0;
				MTL_ENABLE_DEBUG_INFO = NO;
				SDKROOT = iphoneos;
				TARGETED_DEVICE_FAMILY = "1,2";
				VALIDATE_PRODUCT = YES;
			};
			name = Release;
		};
		6BEFDC5C1BBE426700DDFE3B /* Debug */ = {
			isa = XCBuildConfiguration;
			buildSettings = {
				ASSETCATALOG_COMPILER_APPICON_NAME = AppIcon;
				INFOPLIST_FILE = Postales/Info.plist;
				LD_RUNPATH_SEARCH_PATHS = "$(inherited) @executable_path/Frameworks";
				PRODUCT_BUNDLE_IDENTIFIER = edu.self.Postales;
				PRODUCT_NAME = "$(TARGET_NAME)";
			};
			name = Debug;
		};
		6BEFDC5D1BBE426700DDFE3B /* Release */ = {
			isa = XCBuildConfiguration;
			buildSettings = {
				ASSETCATALOG_COMPILER_APPICON_NAME = AppIcon;
				INFOPLIST_FILE = Postales/Info.plist;
				LD_RUNPATH_SEARCH_PATHS = "$(inherited) @executable_path/Frameworks";
				PRODUCT_BUNDLE_IDENTIFIER = edu.self.Postales;
				PRODUCT_NAME = "$(TARGET_NAME)";
			};
			name = Release;
		};
		6BEFDC5F1BBE426700DDFE3B /* Debug */ = {
			isa = XCBuildConfiguration;
			buildSettings = {
				BUNDLE_LOADER = "$(TEST_HOST)";
				INFOPLIST_FILE = PostalesTests/Info.plist;
				LD_RUNPATH_SEARCH_PATHS = "$(inherited) @executable_path/Frameworks @loader_path/Frameworks";
				PRODUCT_BUNDLE_IDENTIFIER = edu.self.PostalesTests;
				PRODUCT_NAME = "$(TARGET_NAME)";
				TEST_HOST = "$(BUILT_PRODUCTS_DIR)/Postales.app/Postales";
			};
			name = Debug;
		};
		6BEFDC601BBE426700DDFE3B /* Release */ = {
			isa = XCBuildConfiguration;
			buildSettings = {
				BUNDLE_LOADER = "$(TEST_HOST)";
				INFOPLIST_FILE = PostalesTests/Info.plist;
				LD_RUNPATH_SEARCH_PATHS = "$(inherited) @executable_path/Frameworks @loader_path/Frameworks";
				PRODUCT_BUNDLE_IDENTIFIER = edu.self.PostalesTests;
				PRODUCT_NAME = "$(TARGET_NAME)";
				TEST_HOST = "$(BUILT_PRODUCTS_DIR)/Postales.app/Postales";
			};
			name = Release;
		};
		6BEFDC621BBE426700DDFE3B /* Debug */ = {
			isa = XCBuildConfiguration;
			buildSettings = {
				INFOPLIST_FILE = PostalesUITests/Info.plist;
				LD_RUNPATH_SEARCH_PATHS = "$(inherited) @executable_path/Frameworks @loader_path/Frameworks";
				PRODUCT_BUNDLE_IDENTIFIER = edu.self.PostalesUITests;
				PRODUCT_NAME = "$(TARGET_NAME)";
				TEST_TARGET_NAME = Postales;
				USES_XCTRUNNER = YES;
			};
			name = Debug;
		};
		6BEFDC631BBE426700DDFE3B /* Release */ = {
			isa = XCBuildConfiguration;
			buildSettings = {
				INFOPLIST_FILE = PostalesUITests/Info.plist;
				LD_RUNPATH_SEARCH_PATHS = "$(inherited) @executable_path/Frameworks @loader_path/Frameworks";
				PRODUCT_BUNDLE_IDENTIFIER = edu.self.PostalesUITests;
				PRODUCT_NAME = "$(TARGET_NAME)";
				TEST_TARGET_NAME = Postales;
				USES_XCTRUNNER = YES;
			};
			name = Release;
		};
/* End XCBuildConfiguration section */

/* Begin XCConfigurationList section */
		6BEFDC2E1BBE426700DDFE3B /* Build configuration list for PBXProject "Postales" */ = {
			isa = XCConfigurationList;
			buildConfigurations = (
				6BEFDC591BBE426700DDFE3B /* Debug */,
				6BEFDC5A1BBE426700DDFE3B /* Release */,
			);
			defaultConfigurationIsVisible = 0;
			defaultConfigurationName = Release;
		};
		6BEFDC5B1BBE426700DDFE3B /* Build configuration list for PBXNativeTarget "Postales" */ = {
			isa = XCConfigurationList;
			buildConfigurations = (
				6BEFDC5C1BBE426700DDFE3B /* Debug */,
				6BEFDC5D1BBE426700DDFE3B /* Release */,
			);
			defaultConfigurationIsVisible = 0;
		};
		6BEFDC5E1BBE426700DDFE3B /* Build configuration list for PBXNativeTarget "PostalesTests" */ = {
			isa = XCConfigurationList;
			buildConfigurations = (
				6BEFDC5F1BBE426700DDFE3B /* Debug */,
				6BEFDC601BBE426700DDFE3B /* Release */,
			);
			defaultConfigurationIsVisible = 0;
		};
		6BEFDC611BBE426700DDFE3B /* Build configuration list for PBXNativeTarget "PostalesUITests" */ = {
			isa = XCConfigurationList;
			buildConfigurations = (
				6BEFDC621BBE426700DDFE3B /* Debug */,
				6BEFDC631BBE426700DDFE3B /* Release */,
			);
			defaultConfigurationIsVisible = 0;
		};
/* End XCConfigurationList section */
	};
	rootObject = 6BEFDC2B1BBE426700DDFE3B /* Project object */;
}
